
Microsoft Visual Studio Solution File, Format Version 12.00
# Visual Studio Version 16
VisualStudioVersion = 16.0.30523.141
MinimumVisualStudioVersion = 10.0.40219.1
Project("{FAE04EC0-301F-11D3-BF4B-00C04F79EFBC}") = "Electronic Collection", "Electronic Collection\Electronic Collection.csproj", "{9F1E90E7-592A-4E90-80C3-8FBAFB2504CF}"
EndProject
Global
	GlobalSection(SolutionConfigurationPlatforms) = preSolution
		Debug|Any CPU = Debug|Any CPU
		Release|Any CPU = Release|Any CPU
	EndGlobalSection
	GlobalSection(ProjectConfigurationPlatforms) = postSolution
		{9F1E90E7-592A-4E90-80C3-8FBAFB2504CF}.Debug|Any CPU.ActiveCfg = Debug|Any CPU
		{9F1E90E7-592A-4E90-80C3-8FBAFB2504CF}.Debug|Any CPU.Build.0 = Debug|Any CPU
		{9F1E90E7-592A-4E90-80C3-8FBAFB2504CF}.Release|Any CPU.ActiveCfg = Release|Any CPU
		{9F1E90E7-592A-4E90-80C3-8FBAFB2504CF}.Release|Any CPU.Build.0 = Release|Any CPU
	EndGlobalSection
	GlobalSection(SolutionProperties) = preSolution
		HideSolutionNode = FALSE
	EndGlobalSection
	GlobalSection(ExtensibilityGlobals) = postSolution
		SolutionGuid = {CBD11FCA-39EE-4828-9DC8-C6F6E79D4857}
	EndGlobalSection
EndGlobal
